
Microsoft Visual Studio Solution File, Format Version 12.00
# Visual Studio Version 17
VisualStudioVersion = 17.11.35222.181
MinimumVisualStudioVersion = 10.0.40219.1
Project("{9A19103F-16F7-4668-BE54-9A1E7A4F7556}") = "AuthenticationAndAuthorization", "AuthenticationAndAuthorization.csproj", "{B79300AD-1252-4598-A452-01CBB1299162}"
EndProject
Global
	GlobalSection(SolutionConfigurationPlatforms) = preSolution
		Debug|Any CPU = Debug|Any CPU
		Release|Any CPU = Release|Any CPU
	EndGlobalSection
	GlobalSection(ProjectConfigurationPlatforms) = postSolution
		{B79300AD-1252-4598-A452-01CBB1299162}.Debug|Any CPU.ActiveCfg = Debug|Any CPU
		{B79300AD-1252-4598-A452-01CBB1299162}.Debug|Any CPU.Build.0 = Debug|Any CPU
		{B79300AD-1252-4598-A452-01CBB1299162}.Release|Any CPU.ActiveCfg = Release|Any CPU
		{B79300AD-1252-4598-A452-01CBB1299162}.Release|Any CPU.Build.0 = Release|Any CPU
	EndGlobalSection
	GlobalSection(SolutionProperties) = preSolution
		HideSolutionNode = FALSE
	EndGlobalSection
	GlobalSection(ExtensibilityGlobals) = postSolution
		SolutionGuid = {41E0F8F2-8689-4832-9AF8-7263261C00C1}
	EndGlobalSection
EndGlobal
